// !$*UTF8*$!
{
	archiveVersion = 1;
	classes = {
	};
	objectVersion = 56;
	objects = {

/* Begin PBXBuildFile section */
		5299662C2BD74ABB00D85492 /* NewsIndoApp.swift in Sources */ = {isa = PBXBuildFile; fileRef = 5299662B2BD74ABB00D85492 /* NewsIndoApp.swift */; };
		5299662E2BD74ABB00D85492 /* ContentView.swift in Sources */ = {isa = PBXBuildFile; fileRef = 5299662D2BD74ABB00D85492 /* ContentView.swift */; };
		529966302BD74ABC00D85492 /* Assets.xcassets in Resources */ = {isa = PBXBuildFile; fileRef = 5299662F2BD74ABC00D85492 /* Assets.xcassets */; };
		529966332BD74ABC00D85492 /* Preview Assets.xcassets in Resources */ = {isa = PBXBuildFile; fileRef = 529966322BD74ABC00D85492 /* Preview Assets.xcassets */; };
		5299663E2BD7504A00D85492 /* News.swift in Sources */ = {isa = PBXBuildFile; fileRef = 5299663D2BD7504A00D85492 /* News.swift */; };
		529966412BD7540C00D85492 /* Alamofire in Frameworks */ = {isa = PBXBuildFile; productRef = 529966402BD7540C00D85492 /* Alamofire */; };
		529966432BD7540C00D85492 /* AlamofireDynamic in Frameworks */ = {isa = PBXBuildFile; productRef = 529966422BD7540C00D85492 /* AlamofireDynamic */; };
		529966462BD7554600D85492 /* Constant.swift in Sources */ = {isa = PBXBuildFile; fileRef = 529966452BD7554600D85492 /* Constant.swift */; };
		529966482BD755DF00D85492 /* APIService.swift in Sources */ = {isa = PBXBuildFile; fileRef = 529966472BD755DF00D85492 /* APIService.swift */; };
		5299664B2BD75A8F00D85492 /* NewsVM.swift in Sources */ = {isa = PBXBuildFile; fileRef = 5299664A2BD75A8F00D85492 /* NewsVM.swift */; };
		5299664E2BD7625700D85492 /* String+ExtDate.swift in Sources */ = {isa = PBXBuildFile; fileRef = 5299664D2BD7625700D85492 /* String+ExtDate.swift */; };
/* End PBXBuildFile section */

/* Begin PBXFileReference section */
		529966282BD74ABB00D85492 /* NewsIndo.app */ = {isa = PBXFileReference; explicitFileType = wrapper.application; includeInIndex = 0; path = NewsIndo.app; sourceTree = BUILT_PRODUCTS_DIR; };
		5299662B2BD74ABB00D85492 /* NewsIndoApp.swift */ = {isa = PBXFileReference; lastKnownFileType = sourcecode.swift; path = NewsIndoApp.swift; sourceTree = "<group>"; };
		5299662D2BD74ABB00D85492 /* ContentView.swift */ = {isa = PBXFileReference; lastKnownFileType = sourcecode.swift; path = ContentView.swift; sourceTree = "<group>"; };
		5299662F2BD74ABC00D85492 /* Assets.xcassets */ = {isa = PBXFileReference; lastKnownFileType = folder.assetcatalog; path = Assets.xcassets; sourceTree = "<group>"; };
		529966322BD74ABC00D85492 /* Preview Assets.xcassets */ = {isa = PBXFileReference; lastKnownFileType = folder.assetcatalog; path = "Preview Assets.xcassets"; sourceTree = "<group>"; };
		5299663D2BD7504A00D85492 /* News.swift */ = {isa = PBXFileReference; lastKnownFileType = sourcecode.swift; path = News.swift; sourceTree = "<group>"; };
		529966452BD7554600D85492 /* Constant.swift */ = {isa = PBXFileReference; lastKnownFileType = sourcecode.swift; path = Constant.swift; sourceTree = "<group>"; };
		529966472BD755DF00D85492 /* APIService.swift */ = {isa = PBXFileReference; lastKnownFileType = sourcecode.swift; path = APIService.swift; sourceTree = "<group>"; };
		5299664A2BD75A8F00D85492 /* NewsVM.swift */ = {isa = PBXFileReference; lastKnownFileType = sourcecode.swift; path = NewsVM.swift; sourceTree = "<group>"; };
		5299664D2BD7625700D85492 /* String+ExtDate.swift */ = {isa = PBXFileReference; lastKnownFileType = sourcecode.swift; path = "String+ExtDate.swift"; sourceTree = "<group>"; };
/* End PBXFileReference section */

/* Begin PBXFrameworksBuildPhase section */
		529966252BD74ABB00D85492 /* Frameworks */ = {
			isa = PBXFrameworksBuildPhase;
			buildActionMask = 2147483647;
			files = (
				529966412BD7540C00D85492 /* Alamofire in Frameworks */,
				529966432BD7540C00D85492 /* AlamofireDynamic in Frameworks */,
			);
			runOnlyForDeploymentPostprocessing = 0;
		};
/* End PBXFrameworksBuildPhase section */

/* Begin PBXGroup section */
		5299661F2BD74ABB00D85492 = {
			isa = PBXGroup;
			children = (
				5299662A2BD74ABB00D85492 /* NewsIndo */,
				529966292BD74ABB00D85492 /* Products */,
			);
			sourceTree = "<group>";
		};
		529966292BD74ABB00D85492 /* Products */ = {
			isa = PBXGroup;
			children = (
				529966282BD74ABB00D85492 /* NewsIndo.app */,
			);
			name = Products;
			sourceTree = "<group>";
		};
		5299662A2BD74ABB00D85492 /* NewsIndo */ = {
			isa = PBXGroup;
			children = (
				5299664C2BD7622300D85492 /* Helper */,
				529966492BD75A8300D85492 /* ViewModel */,
				529966442BD7552100D85492 /* Services */,
				5299663C2BD7502B00D85492 /* Model */,
				529966392BD74ADB00D85492 /* App */,
				5299663A2BD74AE100D85492 /* View */,
				5299663B2BD74AE800D85492 /* Resources */,
				529966312BD74ABC00D85492 /* Preview Content */,
			);
			path = NewsIndo;
			sourceTree = "<group>";
		};
		529966312BD74ABC00D85492 /* Preview Content */ = {
			isa = PBXGroup;
			children = (
				529966322BD74ABC00D85492 /* Preview Assets.xcassets */,
			);
			path = "Preview Content";
			sourceTree = "<group>";
		};
		529966392BD74ADB00D85492 /* App */ = {
			isa = PBXGroup;
			children = (
				5299662B2BD74ABB00D85492 /* NewsIndoApp.swift */,
			);
			path = App;
			sourceTree = "<group>";
		};
		5299663A2BD74AE100D85492 /* View */ = {
			isa = PBXGroup;
			children = (
				5299662D2BD74ABB00D85492 /* ContentView.swift */,
			);
			path = View;
			sourceTree = "<group>";
		};
		5299663B2BD74AE800D85492 /* Resources */ = {
			isa = PBXGroup;
			children = (
				5299662F2BD74ABC00D85492 /* Assets.xcassets */,
			);
			path = Resources;
			sourceTree = "<group>";
		};
		5299663C2BD7502B00D85492 /* Model */ = {
			isa = PBXGroup;
			children = (
				5299663D2BD7504A00D85492 /* News.swift */,
			);
			path = Model;
			sourceTree = "<group>";
		};
		529966442BD7552100D85492 /* Services */ = {
			isa = PBXGroup;
			children = (
				529966452BD7554600D85492 /* Constant.swift */,
				529966472BD755DF00D85492 /* APIService.swift */,
			);
			path = Services;
			sourceTree = "<group>";
		};
		529966492BD75A8300D85492 /* ViewModel */ = {
			isa = PBXGroup;
			children = (
				5299664A2BD75A8F00D85492 /* NewsVM.swift */,
			);
			path = ViewModel;
			sourceTree = "<group>";
		};
		5299664C2BD7622300D85492 /* Helper */ = {
			isa = PBXGroup;
			children = (
				5299664D2BD7625700D85492 /* String+ExtDate.swift */,
			);
			path = Helper;
			sourceTree = "<group>";
		};
/* End PBXGroup section */

/* Begin PBXNativeTarget section */
		529966272BD74ABB00D85492 /* NewsIndo */ = {
			isa = PBXNativeTarget;
			buildConfigurationList = 529966362BD74ABC00D85492 /* Build configuration list for PBXNativeTarget "NewsIndo" */;
			buildPhases = (
				529966242BD74ABB00D85492 /* Sources */,
				529966252BD74ABB00D85492 /* Frameworks */,
				529966262BD74ABB00D85492 /* Resources */,
			);
			buildRules = (
			);
			dependencies = (
			);
			name = NewsIndo;
			packageProductDependencies = (
				529966402BD7540C00D85492 /* Alamofire */,
				529966422BD7540C00D85492 /* AlamofireDynamic */,
			);
			productName = NewsIndo;
			productReference = 529966282BD74ABB00D85492 /* NewsIndo.app */;
			productType = "com.apple.product-type.application";
		};
/* End PBXNativeTarget section */

/* Begin PBXProject section */
		529966202BD74ABB00D85492 /* Project object */ = {
			isa = PBXProject;
			attributes = {
				BuildIndependentTargetsInParallel = 1;
				LastSwiftUpdateCheck = 1530;
				LastUpgradeCheck = 1530;
				TargetAttributes = {
					529966272BD74ABB00D85492 = {
						CreatedOnToolsVersion = 15.3;
					};
				};
			};
			buildConfigurationList = 529966232BD74ABB00D85492 /* Build configuration list for PBXProject "NewsIndo" */;
			compatibilityVersion = "Xcode 14.0";
			developmentRegion = en;
			hasScannedForEncodings = 0;
			knownRegions = (
				en,
				Base,
			);
			mainGroup = 5299661F2BD74ABB00D85492;
			packageReferences = (
				5299663F2BD7540C00D85492 /* XCRemoteSwiftPackageReference "Alamofire" */,
			);
			productRefGroup = 529966292BD74ABB00D85492 /* Products */;
			projectDirPath = "";
			projectRoot = "";
			targets = (
				529966272BD74ABB00D85492 /* NewsIndo */,
			);
		};
/* End PBXProject section */

/* Begin PBXResourcesBuildPhase section */
		529966262BD74ABB00D85492 /* Resources */ = {
			isa = PBXResourcesBuildPhase;
			buildActionMask = 2147483647;
			files = (
				529966332BD74ABC00D85492 /* Preview Assets.xcassets in Resources */,
				529966302BD74ABC00D85492 /* Assets.xcassets in Resources */,
			);
			runOnlyForDeploymentPostprocessing = 0;
		};
/* End PBXResourcesBuildPhase section */

/* Begin PBXSourcesBuildPhase section */
		529966242BD74ABB00D85492 /* Sources */ = {
			isa = PBXSourcesBuildPhase;
			buildActionMask = 2147483647;
			files = (
				5299664E2BD7625700D85492 /* String+ExtDate.swift in Sources */,
				5299663E2BD7504A00D85492 /* News.swift in Sources */,
				529966482BD755DF00D85492 /* APIService.swift in Sources */,
				5299662E2BD74ABB00D85492 /* ContentView.swift in Sources */,
				5299662C2BD74ABB00D85492 /* NewsIndoApp.swift in Sources */,
				529966462BD7554600D85492 /* Constant.swift in Sources */,
				5299664B2BD75A8F00D85492 /* NewsVM.swift in Sources */,
			);
			runOnlyForDeploymentPostprocessing = 0;
		};
/* End PBXSourcesBuildPhase section */

/* Begin XCBuildConfiguration section */
		529966342BD74ABC00D85492 /* Debug */ = {
			isa = XCBuildConfiguration;
			buildSettings = {
				ALWAYS_SEARCH_USER_PATHS = NO;
				ASSETCATALOG_COMPILER_GENERATE_SWIFT_ASSET_SYMBOL_EXTENSIONS = YES;
				CLANG_ANALYZER_NONNULL = YES;
				CLANG_ANALYZER_NUMBER_OBJECT_CONVERSION = YES_AGGRESSIVE;
				CLANG_CXX_LANGUAGE_STANDARD = "gnu++20";
				CLANG_ENABLE_MODULES = YES;
				CLANG_ENABLE_OBJC_ARC = YES;
				CLANG_ENABLE_OBJC_WEAK = YES;
				CLANG_WARN_BLOCK_CAPTURE_AUTORELEASING = YES;
				CLANG_WARN_BOOL_CONVERSION = YES;
				CLANG_WARN_COMMA = YES;
				CLANG_WARN_CONSTANT_CONVERSION = YES;
				CLANG_WARN_DEPRECATED_OBJC_IMPLEMENTATIONS = YES;
				CLANG_WARN_DIRECT_OBJC_ISA_USAGE = YES_ERROR;
				CLANG_WARN_DOCUMENTATION_COMMENTS = YES;
				CLANG_WARN_EMPTY_BODY = YES;
				CLANG_WARN_ENUM_CONVERSION = YES;
				CLANG_WARN_INFINITE_RECURSION = YES;
				CLANG_WARN_INT_CONVERSION = YES;
				CLANG_WARN_NON_LITERAL_NULL_CONVERSION = YES;
				CLANG_WARN_OBJC_IMPLICIT_RETAIN_SELF = YES;
				CLANG_WARN_OBJC_LITERAL_CONVERSION = YES;
				CLANG_WARN_OBJC_ROOT_CLASS = YES_ERROR;
				CLANG_WARN_QUOTED_INCLUDE_IN_FRAMEWORK_HEADER = YES;
				CLANG_WARN_RANGE_LOOP_ANALYSIS = YES;
				CLANG_WARN_STRICT_PROTOTYPES = YES;
				CLANG_WARN_SUSPICIOUS_MOVE = YES;
				CLANG_WARN_UNGUARDED_AVAILABILITY = YES_AGGRESSIVE;
				CLANG_WARN_UNREACHABLE_CODE = YES;
				CLANG_WARN__DUPLICATE_METHOD_MATCH = YES;
				COPY_PHASE_STRIP = NO;
				DEBUG_INFORMATION_FORMAT = dwarf;
				ENABLE_STRICT_OBJC_MSGSEND = YES;
				ENABLE_TESTABILITY = YES;
				ENABLE_USER_SCRIPT_SANDBOXING = YES;
				GCC_C_LANGUAGE_STANDARD = gnu17;
				GCC_DYNAMIC_NO_PIC = NO;
				GCC_NO_COMMON_BLOCKS = YES;
				GCC_OPTIMIZATION_LEVEL = 0;
				GCC_PREPROCESSOR_DEFINITIONS = (
					"DEBUG=1",
					"$(inherited)",
				);
				GCC_WARN_64_TO_32_BIT_CONVERSION = YES;
				GCC_WARN_ABOUT_RETURN_TYPE = YES_ERROR;
				GCC_WARN_UNDECLARED_SELECTOR = YES;
				GCC_WARN_UNINITIALIZED_AUTOS = YES_AGGRESSIVE;
				GCC_WARN_UNUSED_FUNCTION = YES;
				GCC_WARN_UNUSED_VARIABLE = YES;
				IPHONEOS_DEPLOYMENT_TARGET = 17.4;
				LOCALIZATION_PREFERS_STRING_CATALOGS = YES;
				MTL_ENABLE_DEBUG_INFO = INCLUDE_SOURCE;
				MTL_FAST_MATH = YES;
				ONLY_ACTIVE_ARCH = YES;
				SDKROOT = iphoneos;
				SWIFT_ACTIVE_COMPILATION_CONDITIONS = "DEBUG $(inherited)";
				SWIFT_OPTIMIZATION_LEVEL = "-Onone";
			};
			name = Debug;
		};
		529966352BD74ABC00D85492 /* Release */ = {
			isa = XCBuildConfiguration;
			buildSettings = {
				ALWAYS_SEARCH_USER_PATHS = NO;
				ASSETCATALOG_COMPILER_GENERATE_SWIFT_ASSET_SYMBOL_EXTENSIONS = YES;
				CLANG_ANALYZER_NONNULL = YES;
				CLANG_ANALYZER_NUMBER_OBJECT_CONVERSION = YES_AGGRESSIVE;
				CLANG_CXX_LANGUAGE_STANDARD = "gnu++20";
				CLANG_ENABLE_MODULES = YES;
				CLANG_ENABLE_OBJC_ARC = YES;
				CLANG_ENABLE_OBJC_WEAK = YES;
				CLANG_WARN_BLOCK_CAPTURE_AUTORELEASING = YES;
				CLANG_WARN_BOOL_CONVERSION = YES;
				CLANG_WARN_COMMA = YES;
				CLANG_WARN_CONSTANT_CONVERSION = YES;
				CLANG_WARN_DEPRECATED_OBJC_IMPLEMENTATIONS = YES;
				CLANG_WARN_DIRECT_OBJC_ISA_USAGE = YES_ERROR;
				CLANG_WARN_DOCUMENTATION_COMMENTS = YES;
				CLANG_WARN_EMPTY_BODY = YES;
				CLANG_WARN_ENUM_CONVERSION = YES;
				CLANG_WARN_INFINITE_RECURSION = YES;
				CLANG_WARN_INT_CONVERSION = YES;
				CLANG_WARN_NON_LITERAL_NULL_CONVERSION = YES;
				CLANG_WARN_OBJC_IMPLICIT_RETAIN_SELF = YES;
				CLANG_WARN_OBJC_LITERAL_CONVERSION = YES;
				CLANG_WARN_OBJC_ROOT_CLASS = YES_ERROR;
				CLANG_WARN_QUOTED_INCLUDE_IN_FRAMEWORK_HEADER = YES;
				CLANG_WARN_RANGE_LOOP_ANALYSIS = YES;
				CLANG_WARN_STRICT_PROTOTYPES = YES;
				CLANG_WARN_SUSPICIOUS_MOVE = YES;
				CLANG_WARN_UNGUARDED_AVAILABILITY = YES_AGGRESSIVE;
				CLANG_WARN_UNREACHABLE_CODE = YES;
				CLANG_WARN__DUPLICATE_METHOD_MATCH = YES;
				COPY_PHASE_STRIP = NO;
				DEBUG_INFORMATION_FORMAT = "dwarf-with-dsym";
				ENABLE_NS_ASSERTIONS = NO;
				ENABLE_STRICT_OBJC_MSGSEND = YES;
				ENABLE_USER_SCRIPT_SANDBOXING = YES;
				GCC_C_LANGUAGE_STANDARD = gnu17;
				GCC_NO_COMMON_BLOCKS = YES;
				GCC_WARN_64_TO_32_BIT_CONVERSION = YES;
				GCC_WARN_ABOUT_RETURN_TYPE = YES_ERROR;
				GCC_WARN_UNDECLARED_SELECTOR = YES;
				GCC_WARN_UNINITIALIZED_AUTOS = YES_AGGRESSIVE;
				GCC_WARN_UNUSED_FUNCTION = YES;
				GCC_WARN_UNUSED_VARIABLE = YES;
				IPHONEOS_DEPLOYMENT_TARGET = 17.4;
				LOCALIZATION_PREFERS_STRING_CATALOGS = YES;
				MTL_ENABLE_DEBUG_INFO = NO;
				MTL_FAST_MATH = YES;
				SDKROOT = iphoneos;
				SWIFT_COMPILATION_MODE = wholemodule;
				VALIDATE_PRODUCT = YES;
			};
			name = Release;
		};
		529966372BD74ABC00D85492 /* Debug */ = {
			isa = XCBuildConfiguration;
			buildSettings = {
				ASSETCATALOG_COMPILER_APPICON_NAME = AppIcon;
				ASSETCATALOG_COMPILER_GLOBAL_ACCENT_COLOR_NAME = AccentColor;
				CODE_SIGN_STYLE = Automatic;
				CURRENT_PROJECT_VERSION = 1;
				DEVELOPMENT_ASSET_PATHS = "\"NewsIndo/Preview Content\"";
				ENABLE_PREVIEWS = YES;
				GENERATE_INFOPLIST_FILE = YES;
				INFOPLIST_KEY_UIApplicationSceneManifest_Generation = YES;
				INFOPLIST_KEY_UIApplicationSupportsIndirectInputEvents = YES;
				INFOPLIST_KEY_UILaunchScreen_Generation = YES;
				INFOPLIST_KEY_UISupportedInterfaceOrientations_iPad = "UIInterfaceOrientationPortrait UIInterfaceOrientationPortraitUpsideDown UIInterfaceOrientationLandscapeLeft UIInterfaceOrientationLandscapeRight";
				INFOPLIST_KEY_UISupportedInterfaceOrientations_iPhone = "UIInterfaceOrientationPortrait UIInterfaceOrientationLandscapeLeft UIInterfaceOrientationLandscapeRight";
				LD_RUNPATH_SEARCH_PATHS = (
					"$(inherited)",
					"@executable_path/Frameworks",
				);
				MARKETING_VERSION = 1.0;
				PRODUCT_BUNDLE_IDENTIFIER = com.bdp.NewsIndo;
				PRODUCT_NAME = "$(TARGET_NAME)";
				SWIFT_EMIT_LOC_STRINGS = YES;
				SWIFT_VERSION = 5.0;
				TARGETED_DEVICE_FAMILY = "1,2";
			};
			name = Debug;
		};
		529966382BD74ABC00D85492 /* Release */ = {
			isa = XCBuildConfiguration;
			buildSettings = {
				ASSETCATALOG_COMPILER_APPICON_NAME = AppIcon;
				ASSETCATALOG_COMPILER_GLOBAL_ACCENT_COLOR_NAME = AccentColor;
				CODE_SIGN_STYLE = Automatic;
				CURRENT_PROJECT_VERSION = 1;
				DEVELOPMENT_ASSET_PATHS = "\"NewsIndo/Preview Content\"";
				ENABLE_PREVIEWS = YES;
				GENERATE_INFOPLIST_FILE = YES;
				INFOPLIST_KEY_UIApplicationSceneManifest_Generation = YES;
				INFOPLIST_KEY_UIApplicationSupportsIndirectInputEvents = YES;
				INFOPLIST_KEY_UILaunchScreen_Generation = YES;
				INFOPLIST_KEY_UISupportedInterfaceOrientations_iPad = "UIInterfaceOrientationPortrait UIInterfaceOrientationPortraitUpsideDown UIInterfaceOrientationLandscapeLeft UIInterfaceOrientationLandscapeRight";
				INFOPLIST_KEY_UISupportedInterfaceOrientations_iPhone = "UIInterfaceOrientationPortrait UIInterfaceOrientationLandscapeLeft UIInterfaceOrientationLandscapeRight";
				LD_RUNPATH_SEARCH_PATHS = (
					"$(inherited)",
					"@executable_path/Frameworks",
				);
				MARKETING_VERSION = 1.0;
				PRODUCT_BUNDLE_IDENTIFIER = com.bdp.NewsIndo;
				PRODUCT_NAME = "$(TARGET_NAME)";
				SWIFT_EMIT_LOC_STRINGS = YES;
				SWIFT_VERSION = 5.0;
				TARGETED_DEVICE_FAMILY = "1,2";
			};
			name = Release;
		};
/* End XCBuildConfiguration section */

/* Begin XCConfigurationList section */
		529966232BD74ABB00D85492 /* Build configuration list for PBXProject "NewsIndo" */ = {
			isa = XCConfigurationList;
			buildConfigurations = (
				529966342BD74ABC00D85492 /* Debug */,
				529966352BD74ABC00D85492 /* Release */,
			);
			defaultConfigurationIsVisible = 0;
			defaultConfigurationName = Release;
		};
		529966362BD74ABC00D85492 /* Build configuration list for PBXNativeTarget "NewsIndo" */ = {
			isa = XCConfigurationList;
			buildConfigurations = (
				529966372BD74ABC00D85492 /* Debug */,
				529966382BD74ABC00D85492 /* Release */,
			);
			defaultConfigurationIsVisible = 0;
			defaultConfigurationName = Release;
		};
/* End XCConfigurationList section */

/* Begin XCRemoteSwiftPackageReference section */
		5299663F2BD7540C00D85492 /* XCRemoteSwiftPackageReference "Alamofire" */ = {
			isa = XCRemoteSwiftPackageReference;
			repositoryURL = "https://github.com/Alamofire/Alamofire.git";
			requirement = {
				kind = upToNextMajorVersion;
				minimumVersion = 5.9.1;
			};
		};
/* End XCRemoteSwiftPackageReference section */

/* Begin XCSwiftPackageProductDependency section */
		529966402BD7540C00D85492 /* Alamofire */ = {
			isa = XCSwiftPackageProductDependency;
			package = 5299663F2BD7540C00D85492 /* XCRemoteSwiftPackageReference "Alamofire" */;
			productName = Alamofire;
		};
		529966422BD7540C00D85492 /* AlamofireDynamic */ = {
			isa = XCSwiftPackageProductDependency;
			package = 5299663F2BD7540C00D85492 /* XCRemoteSwiftPackageReference "Alamofire" */;
			productName = AlamofireDynamic;
		};
/* End XCSwiftPackageProductDependency section */
	};
	rootObject = 529966202BD74ABB00D85492 /* Project object */;
}
